// !$*UTF8*$!
{
	archiveVersion = 1;
	classes = {
	};
	objectVersion = 50;
	objects = {

/* Begin PBXBuildFile section */
		3D1083452457FD6E00E16E60 /* DataModel.xcdatamodeld in Sources */ = {isa = PBXBuildFile; fileRef = 3D1083432457FD6E00E16E60 /* DataModel.xcdatamodeld */; };
		3D339B202458EF8B00EE3218 /* ObjectListViewModel.swift in Sources */ = {isa = PBXBuildFile; fileRef = 3D339B1F2458EF8B00EE3218 /* ObjectListViewModel.swift */; };
		3D339B222458F1BD00EE3218 /* ObjectViewModel.swift in Sources */ = {isa = PBXBuildFile; fileRef = 3D339B212458F1BD00EE3218 /* ObjectViewModel.swift */; };
		3D592E82240F29C400AAF8CD /* AppDelegate.swift in Sources */ = {isa = PBXBuildFile; fileRef = 3D592E81240F29C400AAF8CD /* AppDelegate.swift */; };
		3D592E84240F29C400AAF8CD /* SceneDelegate.swift in Sources */ = {isa = PBXBuildFile; fileRef = 3D592E83240F29C400AAF8CD /* SceneDelegate.swift */; };
		3D592E86240F29C400AAF8CD /* MasterView.swift in Sources */ = {isa = PBXBuildFile; fileRef = 3D592E85240F29C400AAF8CD /* MasterView.swift */; };
		3D592E88240F29C500AAF8CD /* Assets.xcassets in Resources */ = {isa = PBXBuildFile; fileRef = 3D592E87240F29C500AAF8CD /* Assets.xcassets */; };
		3D592E8B240F29C500AAF8CD /* Preview Assets.xcassets in Resources */ = {isa = PBXBuildFile; fileRef = 3D592E8A240F29C500AAF8CD /* Preview Assets.xcassets */; };
		3D592E8E240F29C500AAF8CD /* LaunchScreen.storyboard in Resources */ = {isa = PBXBuildFile; fileRef = 3D592E8C240F29C500AAF8CD /* LaunchScreen.storyboard */; };
		3D592E99240F29C500AAF8CD /* FavouriteThingsTests.swift in Sources */ = {isa = PBXBuildFile; fileRef = 3D592E98240F29C500AAF8CD /* FavouriteThingsTests.swift */; };
		3D592EA4240F29C500AAF8CD /* FavouriteThingsUITests.swift in Sources */ = {isa = PBXBuildFile; fileRef = 3D592EA3240F29C500AAF8CD /* FavouriteThingsUITests.swift */; };
		3D592EB2240F3A8A00AAF8CD /* Model.swift in Sources */ = {isa = PBXBuildFile; fileRef = 3D592EB1240F3A8A00AAF8CD /* Model.swift */; };
		3D592EB424107C6C00AAF8CD /* DetailView.swift in Sources */ = {isa = PBXBuildFile; fileRef = 3D592EB324107C6C00AAF8CD /* DetailView.swift */; };
		3D6B7A70241C7FFA000E1503 /* ItemViewModels.swift in Sources */ = {isa = PBXBuildFile; fileRef = 3D6B7A6F241C7FFA000E1503 /* ItemViewModels.swift */; };
		3D73143F2437304100C55C6C /* ListView.swift in Sources */ = {isa = PBXBuildFile; fileRef = 3D73143E2437304100C55C6C /* ListView.swift */; };
		3D7A7B8F24173ECD00CB1986 /* DetailViewModel.swift in Sources */ = {isa = PBXBuildFile; fileRef = 3D7A7B8E24173ECD00CB1986 /* DetailViewModel.swift */; };
		3D9A89E22459528F0081FA6A /* TitleView.swift in Sources */ = {isa = PBXBuildFile; fileRef = 3D9A89E12459528F0081FA6A /* TitleView.swift */; };
		3D9A89E724595D960081FA6A /* CoreData.framework in Frameworks */ = {isa = PBXBuildFile; fileRef = 3D9A89E624595D960081FA6A /* CoreData.framework */; };
		3DF67C16244FDBF4001EDA3B /* RowView.swift in Sources */ = {isa = PBXBuildFile; fileRef = 3DF67C15244FDBF4001EDA3B /* RowView.swift */; };
		3DF67C1A24507223001EDA3B /* models.json in Resources */ = {isa = PBXBuildFile; fileRef = 3DF67C1924507223001EDA3B /* models.json */; };
/* End PBXBuildFile section */

/* Begin PBXContainerItemProxy section */
		3D592E95240F29C500AAF8CD /* PBXContainerItemProxy */ = {
			isa = PBXContainerItemProxy;
			containerPortal = 3D592E76240F29C400AAF8CD /* Project object */;
			proxyType = 1;
			remoteGlobalIDString = 3D592E7D240F29C400AAF8CD;
			remoteInfo = Referencer;
		};
		3D592EA0240F29C500AAF8CD /* PBXContainerItemProxy */ = {
			isa = PBXContainerItemProxy;
			containerPortal = 3D592E76240F29C400AAF8CD /* Project object */;
			proxyType = 1;
			remoteGlobalIDString = 3D592E7D240F29C400AAF8CD;
			remoteInfo = Referencer;
		};
/* End PBXContainerItemProxy section */

/* Begin PBXFileReference section */
		3D1083442457FD6E00E16E60 /* DataModel.xcdatamodel */ = {isa = PBXFileReference; lastKnownFileType = wrapper.xcdatamodel; path = DataModel.xcdatamodel; sourceTree = "<group>"; };
		3D339B1F2458EF8B00EE3218 /* ObjectListViewModel.swift */ = {isa = PBXFileReference; lastKnownFileType = sourcecode.swift; path = ObjectListViewModel.swift; sourceTree = "<group>"; };
		3D339B212458F1BD00EE3218 /* ObjectViewModel.swift */ = {isa = PBXFileReference; lastKnownFileType = sourcecode.swift; path = ObjectViewModel.swift; sourceTree = "<group>"; };
		3D592E7E240F29C400AAF8CD /* FavouriteThings.app */ = {isa = PBXFileReference; explicitFileType = wrapper.application; includeInIndex = 0; path = FavouriteThings.app; sourceTree = BUILT_PRODUCTS_DIR; };
		3D592E81240F29C400AAF8CD /* AppDelegate.swift */ = {isa = PBXFileReference; lastKnownFileType = sourcecode.swift; path = AppDelegate.swift; sourceTree = "<group>"; };
		3D592E83240F29C400AAF8CD /* SceneDelegate.swift */ = {isa = PBXFileReference; lastKnownFileType = sourcecode.swift; path = SceneDelegate.swift; sourceTree = "<group>"; };
		3D592E85240F29C400AAF8CD /* MasterView.swift */ = {isa = PBXFileReference; lastKnownFileType = sourcecode.swift; path = MasterView.swift; sourceTree = "<group>"; };
		3D592E87240F29C500AAF8CD /* Assets.xcassets */ = {isa = PBXFileReference; lastKnownFileType = folder.assetcatalog; path = Assets.xcassets; sourceTree = "<group>"; };
		3D592E8A240F29C500AAF8CD /* Preview Assets.xcassets */ = {isa = PBXFileReference; lastKnownFileType = folder.assetcatalog; path = "Preview Assets.xcassets"; sourceTree = "<group>"; };
		3D592E8D240F29C500AAF8CD /* Base */ = {isa = PBXFileReference; lastKnownFileType = file.storyboard; name = Base; path = Base.lproj/LaunchScreen.storyboard; sourceTree = "<group>"; };
		3D592E8F240F29C500AAF8CD /* Info.plist */ = {isa = PBXFileReference; lastKnownFileType = text.plist.xml; path = Info.plist; sourceTree = "<group>"; };
		3D592E94240F29C500AAF8CD /* FavouriteThingsTests.xctest */ = {isa = PBXFileReference; explicitFileType = wrapper.cfbundle; includeInIndex = 0; path = FavouriteThingsTests.xctest; sourceTree = BUILT_PRODUCTS_DIR; };
		3D592E98240F29C500AAF8CD /* FavouriteThingsTests.swift */ = {isa = PBXFileReference; lastKnownFileType = sourcecode.swift; path = FavouriteThingsTests.swift; sourceTree = "<group>"; };
		3D592E9A240F29C500AAF8CD /* Info.plist */ = {isa = PBXFileReference; lastKnownFileType = text.plist.xml; path = Info.plist; sourceTree = "<group>"; };
		3D592E9F240F29C500AAF8CD /* FavouriteThingsUITests.xctest */ = {isa = PBXFileReference; explicitFileType = wrapper.cfbundle; includeInIndex = 0; path = FavouriteThingsUITests.xctest; sourceTree = BUILT_PRODUCTS_DIR; };
		3D592EA3240F29C500AAF8CD /* FavouriteThingsUITests.swift */ = {isa = PBXFileReference; lastKnownFileType = sourcecode.swift; path = FavouriteThingsUITests.swift; sourceTree = "<group>"; };
		3D592EA5240F29C500AAF8CD /* Info.plist */ = {isa = PBXFileReference; lastKnownFileType = text.plist.xml; path = Info.plist; sourceTree = "<group>"; };
		3D592EB1240F3A8A00AAF8CD /* Model.swift */ = {isa = PBXFileReference; lastKnownFileType = sourcecode.swift; path = Model.swift; sourceTree = "<group>"; };
		3D592EB324107C6C00AAF8CD /* DetailView.swift */ = {isa = PBXFileReference; lastKnownFileType = sourcecode.swift; path = DetailView.swift; sourceTree = "<group>"; };
		3D6B7A6F241C7FFA000E1503 /* ItemViewModels.swift */ = {isa = PBXFileReference; lastKnownFileType = sourcecode.swift; path = ItemViewModels.swift; sourceTree = "<group>"; };
		3D73143E2437304100C55C6C /* ListView.swift */ = {isa = PBXFileReference; lastKnownFileType = sourcecode.swift; path = ListView.swift; sourceTree = "<group>"; };
		3D7A7B8E24173ECD00CB1986 /* DetailViewModel.swift */ = {isa = PBXFileReference; lastKnownFileType = sourcecode.swift; path = DetailViewModel.swift; sourceTree = "<group>"; };
		3D9A89E12459528F0081FA6A /* TitleView.swift */ = {isa = PBXFileReference; lastKnownFileType = sourcecode.swift; path = TitleView.swift; sourceTree = "<group>"; };
		3D9A89E624595D960081FA6A /* CoreData.framework */ = {isa = PBXFileReference; lastKnownFileType = wrapper.framework; name = CoreData.framework; path = Platforms/MacOSX.platform/Developer/SDKs/MacOSX10.15.sdk/System/Library/Frameworks/CoreData.framework; sourceTree = DEVELOPER_DIR; };
		3DF67C15244FDBF4001EDA3B /* RowView.swift */ = {isa = PBXFileReference; lastKnownFileType = sourcecode.swift; path = RowView.swift; sourceTree = "<group>"; };
		3DF67C1924507223001EDA3B /* models.json */ = {isa = PBXFileReference; fileEncoding = 4; lastKnownFileType = text.json; path = models.json; sourceTree = "<group>"; };
/* End PBXFileReference section */

/* Begin PBXFrameworksBuildPhase section */
		3D592E7B240F29C400AAF8CD /* Frameworks */ = {
			isa = PBXFrameworksBuildPhase;
			buildActionMask = 2147483647;
			files = (
			);
			runOnlyForDeploymentPostprocessing = 0;
		};
		3D592E91240F29C500AAF8CD /* Frameworks */ = {
			isa = PBXFrameworksBuildPhase;
			buildActionMask = 2147483647;
			files = (
				3D9A89E724595D960081FA6A /* CoreData.framework in Frameworks */,
			);
			runOnlyForDeploymentPostprocessing = 0;
		};
		3D592E9C240F29C500AAF8CD /* Frameworks */ = {
			isa = PBXFrameworksBuildPhase;
			buildActionMask = 2147483647;
			files = (
			);
			runOnlyForDeploymentPostprocessing = 0;
		};
/* End PBXFrameworksBuildPhase section */

/* Begin PBXGroup section */
		3D592E75240F29C400AAF8CD = {
			isa = PBXGroup;
			children = (
				3D592E80240F29C400AAF8CD /* FavouriteThings */,
				3D592E97240F29C500AAF8CD /* FavouriteThingsTests */,
				3D592EA2240F29C500AAF8CD /* FavouriteThingsUITests */,
				3D592E7F240F29C400AAF8CD /* Products */,
				3D9A89E524595D960081FA6A /* Frameworks */,
			);
			sourceTree = "<group>";
		};
		3D592E7F240F29C400AAF8CD /* Products */ = {
			isa = PBXGroup;
			children = (
				3D592E7E240F29C400AAF8CD /* FavouriteThings.app */,
				3D592E94240F29C500AAF8CD /* FavouriteThingsTests.xctest */,
				3D592E9F240F29C500AAF8CD /* FavouriteThingsUITests.xctest */,
			);
			name = Products;
			sourceTree = "<group>";
		};
		3D592E80240F29C400AAF8CD /* FavouriteThings */ = {
			isa = PBXGroup;
			children = (
				3D1083432457FD6E00E16E60 /* DataModel.xcdatamodeld */,
				3D592E81240F29C400AAF8CD /* AppDelegate.swift */,
				3D592E83240F29C400AAF8CD /* SceneDelegate.swift */,
				3DF67C15244FDBF4001EDA3B /* RowView.swift */,
				3D592E85240F29C400AAF8CD /* MasterView.swift */,
				3D9A89E12459528F0081FA6A /* TitleView.swift */,
				3D592EB324107C6C00AAF8CD /* DetailView.swift */,
				3D73143E2437304100C55C6C /* ListView.swift */,
				3D339B1F2458EF8B00EE3218 /* ObjectListViewModel.swift */,
				3D339B212458F1BD00EE3218 /* ObjectViewModel.swift */,
				3D7A7B8E24173ECD00CB1986 /* DetailViewModel.swift */,
				3D592E87240F29C500AAF8CD /* Assets.xcassets */,
				3D592E8C240F29C500AAF8CD /* LaunchScreen.storyboard */,
				3D592E8F240F29C500AAF8CD /* Info.plist */,
				3D592E89240F29C500AAF8CD /* Preview Content */,
				3D592EB1240F3A8A00AAF8CD /* Model.swift */,
				3D6B7A6F241C7FFA000E1503 /* ItemViewModels.swift */,
			);
			path = FavouriteThings;
			sourceTree = "<group>";
		};
		3D592E89240F29C500AAF8CD /* Preview Content */ = {
			isa = PBXGroup;
			children = (
				3D592E8A240F29C500AAF8CD /* Preview Assets.xcassets */,
			);
			path = "Preview Content";
			sourceTree = "<group>";
		};
		3D592E97240F29C500AAF8CD /* FavouriteThingsTests */ = {
			isa = PBXGroup;
			children = (
				3DF67C1924507223001EDA3B /* models.json */,
				3D592E98240F29C500AAF8CD /* FavouriteThingsTests.swift */,
				3D592E9A240F29C500AAF8CD /* Info.plist */,
			);
			path = FavouriteThingsTests;
			sourceTree = "<group>";
		};
		3D592EA2240F29C500AAF8CD /* FavouriteThingsUITests */ = {
			isa = PBXGroup;
			children = (
				3D592EA3240F29C500AAF8CD /* FavouriteThingsUITests.swift */,
				3D592EA5240F29C500AAF8CD /* Info.plist */,
			);
			path = FavouriteThingsUITests;
			sourceTree = "<group>";
		};
		3D9A89E524595D960081FA6A /* Frameworks */ = {
			isa = PBXGroup;
			children = (
				3D9A89E624595D960081FA6A /* CoreData.framework */,
			);
			name = Frameworks;
			sourceTree = "<group>";
		};
/* End PBXGroup section */

/* Begin PBXNativeTarget section */
		3D592E7D240F29C400AAF8CD /* FavouriteThings */ = {
			isa = PBXNativeTarget;
			buildConfigurationList = 3D592EA8240F29C500AAF8CD /* Build configuration list for PBXNativeTarget "FavouriteThings" */;
			buildPhases = (
				3D592E7A240F29C400AAF8CD /* Sources */,
				3D592E7B240F29C400AAF8CD /* Frameworks */,
				3D592E7C240F29C400AAF8CD /* Resources */,
			);
			buildRules = (
			);
			dependencies = (
			);
			name = FavouriteThings;
			productName = Referencer;
			productReference = 3D592E7E240F29C400AAF8CD /* FavouriteThings.app */;
			productType = "com.apple.product-type.application";
		};
		3D592E93240F29C500AAF8CD /* FavouriteThingsTests */ = {
			isa = PBXNativeTarget;
			buildConfigurationList = 3D592EAB240F29C500AAF8CD /* Build configuration list for PBXNativeTarget "FavouriteThingsTests" */;
			buildPhases = (
				3D592E90240F29C500AAF8CD /* Sources */,
				3D592E91240F29C500AAF8CD /* Frameworks */,
				3D592E92240F29C500AAF8CD /* Resources */,
			);
			buildRules = (
			);
			dependencies = (
				3D592E96240F29C500AAF8CD /* PBXTargetDependency */,
			);
			name = FavouriteThingsTests;
			productName = ReferencerTests;
			productReference = 3D592E94240F29C500AAF8CD /* FavouriteThingsTests.xctest */;
			productType = "com.apple.product-type.bundle.unit-test";
		};
		3D592E9E240F29C500AAF8CD /* FavouriteThingsUITests */ = {
			isa = PBXNativeTarget;
			buildConfigurationList = 3D592EAE240F29C500AAF8CD /* Build configuration list for PBXNativeTarget "FavouriteThingsUITests" */;
			buildPhases = (
				3D592E9B240F29C500AAF8CD /* Sources */,
				3D592E9C240F29C500AAF8CD /* Frameworks */,
				3D592E9D240F29C500AAF8CD /* Resources */,
			);
			buildRules = (
			);
			dependencies = (
				3D592EA1240F29C500AAF8CD /* PBXTargetDependency */,
			);
			name = FavouriteThingsUITests;
			productName = ReferencerUITests;
			productReference = 3D592E9F240F29C500AAF8CD /* FavouriteThingsUITests.xctest */;
			productType = "com.apple.product-type.bundle.ui-testing";
		};
/* End PBXNativeTarget section */

/* Begin PBXProject section */
		3D592E76240F29C400AAF8CD /* Project object */ = {
			isa = PBXProject;
			attributes = {
				LastSwiftUpdateCheck = 1130;
				LastUpgradeCheck = 1130;
				ORGANIZATIONNAME = "William Dower";
				TargetAttributes = {
					3D592E7D240F29C400AAF8CD = {
						CreatedOnToolsVersion = 11.3.1;
					};
					3D592E93240F29C500AAF8CD = {
						CreatedOnToolsVersion = 11.3.1;
						TestTargetID = 3D592E7D240F29C400AAF8CD;
					};
					3D592E9E240F29C500AAF8CD = {
						CreatedOnToolsVersion = 11.3.1;
						TestTargetID = 3D592E7D240F29C400AAF8CD;
					};
				};
			};
			buildConfigurationList = 3D592E79240F29C400AAF8CD /* Build configuration list for PBXProject "FavouriteThings" */;
			compatibilityVersion = "Xcode 9.3";
			developmentRegion = en;
			hasScannedForEncodings = 0;
			knownRegions = (
				en,
				Base,
			);
			mainGroup = 3D592E75240F29C400AAF8CD;
			productRefGroup = 3D592E7F240F29C400AAF8CD /* Products */;
			projectDirPath = "";
			projectRoot = "";
			targets = (
				3D592E7D240F29C400AAF8CD /* FavouriteThings */,
				3D592E93240F29C500AAF8CD /* FavouriteThingsTests */,
				3D592E9E240F29C500AAF8CD /* FavouriteThingsUITests */,
			);
		};
/* End PBXProject section */

/* Begin PBXResourcesBuildPhase section */
		3D592E7C240F29C400AAF8CD /* Resources */ = {
			isa = PBXResourcesBuildPhase;
			buildActionMask = 2147483647;
			files = (
				3D592E8E240F29C500AAF8CD /* LaunchScreen.storyboard in Resources */,
				3D592E8B240F29C500AAF8CD /* Preview Assets.xcassets in Resources */,
				3D592E88240F29C500AAF8CD /* Assets.xcassets in Resources */,
			);
			runOnlyForDeploymentPostprocessing = 0;
		};
		3D592E92240F29C500AAF8CD /* Resources */ = {
			isa = PBXResourcesBuildPhase;
			buildActionMask = 2147483647;
			files = (
				3DF67C1A24507223001EDA3B /* models.json in Resources */,
			);
			runOnlyForDeploymentPostprocessing = 0;
		};
		3D592E9D240F29C500AAF8CD /* Resources */ = {
			isa = PBXResourcesBuildPhase;
			buildActionMask = 2147483647;
			files = (
			);
			runOnlyForDeploymentPostprocessing = 0;
		};
/* End PBXResourcesBuildPhase section */

/* Begin PBXSourcesBuildPhase section */
		3D592E7A240F29C400AAF8CD /* Sources */ = {
			isa = PBXSourcesBuildPhase;
			buildActionMask = 2147483647;
			files = (
				3D73143F2437304100C55C6C /* ListView.swift in Sources */,
				3D1083452457FD6E00E16E60 /* DataModel.xcdatamodeld in Sources */,
				3D592E82240F29C400AAF8CD /* AppDelegate.swift in Sources */,
				3D339B222458F1BD00EE3218 /* ObjectViewModel.swift in Sources */,
				3D592E84240F29C400AAF8CD /* SceneDelegate.swift in Sources */,
				3D592E86240F29C400AAF8CD /* MasterView.swift in Sources */,
				3DF67C16244FDBF4001EDA3B /* RowView.swift in Sources */,
				3D339B202458EF8B00EE3218 /* ObjectListViewModel.swift in Sources */,
				3D592EB424107C6C00AAF8CD /* DetailView.swift in Sources */,
				3D7A7B8F24173ECD00CB1986 /* DetailViewModel.swift in Sources */,
				3D6B7A70241C7FFA000E1503 /* ItemViewModels.swift in Sources */,
				3D9A89E22459528F0081FA6A /* TitleView.swift in Sources */,
				3D592EB2240F3A8A00AAF8CD /* Model.swift in Sources */,
			);
			runOnlyForDeploymentPostprocessing = 0;
		};
		3D592E90240F29C500AAF8CD /* Sources */ = {
			isa = PBXSourcesBuildPhase;
			buildActionMask = 2147483647;
			files = (
				3D592E99240F29C500AAF8CD /* FavouriteThingsTests.swift in Sources */,
			);
			runOnlyForDeploymentPostprocessing = 0;
		};
		3D592E9B240F29C500AAF8CD /* Sources */ = {
			isa = PBXSourcesBuildPhase;
			buildActionMask = 2147483647;
			files = (
				3D592EA4240F29C500AAF8CD /* FavouriteThingsUITests.swift in Sources */,
			);
			runOnlyForDeploymentPostprocessing = 0;
		};
/* End PBXSourcesBuildPhase section */

/* Begin PBXTargetDependency section */
		3D592E96240F29C500AAF8CD /* PBXTargetDependency */ = {
			isa = PBXTargetDependency;
			target = 3D592E7D240F29C400AAF8CD /* FavouriteThings */;
			targetProxy = 3D592E95240F29C500AAF8CD /* PBXContainerItemProxy */;
		};
		3D592EA1240F29C500AAF8CD /* PBXTargetDependency */ = {
			isa = PBXTargetDependency;
			target = 3D592E7D240F29C400AAF8CD /* FavouriteThings */;
			targetProxy = 3D592EA0240F29C500AAF8CD /* PBXContainerItemProxy */;
		};
/* End PBXTargetDependency section */

/* Begin PBXVariantGroup section */
		3D592E8C240F29C500AAF8CD /* LaunchScreen.storyboard */ = {
			isa = PBXVariantGroup;
			children = (
				3D592E8D240F29C500AAF8CD /* Base */,
			);
			name = LaunchScreen.storyboard;
			sourceTree = "<group>";
		};
/* End PBXVariantGroup section */

/* Begin XCBuildConfiguration section */
		3D592EA6240F29C500AAF8CD /* Debug */ = {
			isa = XCBuildConfiguration;
			buildSettings = {
				ALWAYS_SEARCH_USER_PATHS = NO;
				CLANG_ANALYZER_NONNULL = YES;
				CLANG_ANALYZER_NUMBER_OBJECT_CONVERSION = YES_AGGRESSIVE;
				CLANG_CXX_LANGUAGE_STANDARD = "gnu++14";
				CLANG_CXX_LIBRARY = "libc++";
				CLANG_ENABLE_MODULES = YES;
				CLANG_ENABLE_OBJC_ARC = YES;
				CLANG_ENABLE_OBJC_WEAK = YES;
				CLANG_WARN_BLOCK_CAPTURE_AUTORELEASING = YES;
				CLANG_WARN_BOOL_CONVERSION = YES;
				CLANG_WARN_COMMA = YES;
				CLANG_WARN_CONSTANT_CONVERSION = YES;
				CLANG_WARN_DEPRECATED_OBJC_IMPLEMENTATIONS = YES;
				CLANG_WARN_DIRECT_OBJC_ISA_USAGE = YES_ERROR;
				CLANG_WARN_DOCUMENTATION_COMMENTS = YES;
				CLANG_WARN_EMPTY_BODY = YES;
				CLANG_WARN_ENUM_CONVERSION = YES;
				CLANG_WARN_INFINITE_RECURSION = YES;
				CLANG_WARN_INT_CONVERSION = YES;
				CLANG_WARN_NON_LITERAL_NULL_CONVERSION = YES;
				CLANG_WARN_OBJC_IMPLICIT_RETAIN_SELF = YES;
				CLANG_WARN_OBJC_LITERAL_CONVERSION = YES;
				CLANG_WARN_OBJC_ROOT_CLASS = YES_ERROR;
				CLANG_WARN_RANGE_LOOP_ANALYSIS = YES;
				CLANG_WARN_STRICT_PROTOTYPES = YES;
				CLANG_WARN_SUSPICIOUS_MOVE = YES;
				CLANG_WARN_UNGUARDED_AVAILABILITY = YES_AGGRESSIVE;
				CLANG_WARN_UNREACHABLE_CODE = YES;
				CLANG_WARN__DUPLICATE_METHOD_MATCH = YES;
				COPY_PHASE_STRIP = NO;
				DEBUG_INFORMATION_FORMAT = dwarf;
				ENABLE_STRICT_OBJC_MSGSEND = YES;
				ENABLE_TESTABILITY = YES;
				GCC_C_LANGUAGE_STANDARD = gnu11;
				GCC_DYNAMIC_NO_PIC = NO;
				GCC_NO_COMMON_BLOCKS = YES;
				GCC_OPTIMIZATION_LEVEL = 0;
				GCC_PREPROCESSOR_DEFINITIONS = (
					"DEBUG=1",
					"$(inherited)",
				);
				GCC_WARN_64_TO_32_BIT_CONVERSION = YES;
				GCC_WARN_ABOUT_RETURN_TYPE = YES_ERROR;
				GCC_WARN_UNDECLARED_SELECTOR = YES;
				GCC_WARN_UNINITIALIZED_AUTOS = YES_AGGRESSIVE;
				GCC_WARN_UNUSED_FUNCTION = YES;
				GCC_WARN_UNUSED_VARIABLE = YES;
				IPHONEOS_DEPLOYMENT_TARGET = 13.2;
				MTL_ENABLE_DEBUG_INFO = INCLUDE_SOURCE;
				MTL_FAST_MATH = YES;
				ONLY_ACTIVE_ARCH = YES;
				SDKROOT = iphoneos;
				SWIFT_ACTIVE_COMPILATION_CONDITIONS = DEBUG;
				SWIFT_OPTIMIZATION_LEVEL = "-Onone";
			};
			name = Debug;
		};
		3D592EA7240F29C500AAF8CD /* Release */ = {
			isa = XCBuildConfiguration;
			buildSettings = {
				ALWAYS_SEARCH_USER_PATHS = NO;
				CLANG_ANALYZER_NONNULL = YES;
				CLANG_ANALYZER_NUMBER_OBJECT_CONVERSION = YES_AGGRESSIVE;
				CLANG_CXX_LANGUAGE_STANDARD = "gnu++14";
				CLANG_CXX_LIBRARY = "libc++";
				CLANG_ENABLE_MODULES = YES;
				CLANG_ENABLE_OBJC_ARC = YES;
				CLANG_ENABLE_OBJC_WEAK = YES;
				CLANG_WARN_BLOCK_CAPTURE_AUTORELEASING = YES;
				CLANG_WARN_BOOL_CONVERSION = YES;
				CLANG_WARN_COMMA = YES;
				CLANG_WARN_CONSTANT_CONVERSION = YES;
				CLANG_WARN_DEPRECATED_OBJC_IMPLEMENTATIONS = YES;
				CLANG_WARN_DIRECT_OBJC_ISA_USAGE = YES_ERROR;
				CLANG_WARN_DOCUMENTATION_COMMENTS = YES;
				CLANG_WARN_EMPTY_BODY = YES;
				CLANG_WARN_ENUM_CONVERSION = YES;
				CLANG_WARN_INFINITE_RECURSION = YES;
				CLANG_WARN_INT_CONVERSION = YES;
				CLANG_WARN_NON_LITERAL_NULL_CONVERSION = YES;
				CLANG_WARN_OBJC_IMPLICIT_RETAIN_SELF = YES;
				CLANG_WARN_OBJC_LITERAL_CONVERSION = YES;
				CLANG_WARN_OBJC_ROOT_CLASS = YES_ERROR;
				CLANG_WARN_RANGE_LOOP_ANALYSIS = YES;
				CLANG_WARN_STRICT_PROTOTYPES = YES;
				CLANG_WARN_SUSPICIOUS_MOVE = YES;
				CLANG_WARN_UNGUARDED_AVAILABILITY = YES_AGGRESSIVE;
				CLANG_WARN_UNREACHABLE_CODE = YES;
				CLANG_WARN__DUPLICATE_METHOD_MATCH = YES;
				COPY_PHASE_STRIP = NO;
				DEBUG_INFORMATION_FORMAT = "dwarf-with-dsym";
				ENABLE_NS_ASSERTIONS = NO;
				ENABLE_STRICT_OBJC_MSGSEND = YES;
				GCC_C_LANGUAGE_STANDARD = gnu11;
				GCC_NO_COMMON_BLOCKS = YES;
				GCC_WARN_64_TO_32_BIT_CONVERSION = YES;
				GCC_WARN_ABOUT_RETURN_TYPE = YES_ERROR;
				GCC_WARN_UNDECLARED_SELECTOR = YES;
				GCC_WARN_UNINITIALIZED_AUTOS = YES_AGGRESSIVE;
				GCC_WARN_UNUSED_FUNCTION = YES;
				GCC_WARN_UNUSED_VARIABLE = YES;
				IPHONEOS_DEPLOYMENT_TARGET = 13.2;
				MTL_ENABLE_DEBUG_INFO = NO;
				MTL_FAST_MATH = YES;
				SDKROOT = iphoneos;
				SWIFT_COMPILATION_MODE = wholemodule;
				SWIFT_OPTIMIZATION_LEVEL = "-O";
				VALIDATE_PRODUCT = YES;
			};
			name = Release;
		};
		3D592EA9240F29C500AAF8CD /* Debug */ = {
			isa = XCBuildConfiguration;
			buildSettings = {
				ASSETCATALOG_COMPILER_APPICON_NAME = AppIcon;
				CODE_SIGN_STYLE = Automatic;
				DEVELOPMENT_ASSET_PATHS = "\"FavouriteThings/Preview Content\"";
				DEVELOPMENT_TEAM = DF3P78J78N;
				ENABLE_PREVIEWS = YES;
				INFOPLIST_FILE = FavouriteThings/Info.plist;
				LD_RUNPATH_SEARCH_PATHS = (
					"$(inherited)",
					"@executable_path/Frameworks",
				);
				PRODUCT_BUNDLE_IDENTIFIER = au.edu.griffith.prog.FavouriteThings;
				PRODUCT_NAME = FavouriteThings;
				SWIFT_VERSION = 5.0;
				TARGETED_DEVICE_FAMILY = "1,2";
			};
			name = Debug;
		};
		3D592EAA240F29C500AAF8CD /* Release */ = {
			isa = XCBuildConfiguration;
			buildSettings = {
				ASSETCATALOG_COMPILER_APPICON_NAME = AppIcon;
				CODE_SIGN_STYLE = Automatic;
				DEVELOPMENT_ASSET_PATHS = "\"FavouriteThings/Preview Content\"";
				DEVELOPMENT_TEAM = DF3P78J78N;
				ENABLE_PREVIEWS = YES;
				INFOPLIST_FILE = FavouriteThings/Info.plist;
				LD_RUNPATH_SEARCH_PATHS = (
					"$(inherited)",
					"@executable_path/Frameworks",
				);
				PRODUCT_BUNDLE_IDENTIFIER = au.edu.griffith.prog.FavouriteThings;
				PRODUCT_NAME = FavouriteThings;
				SWIFT_VERSION = 5.0;
				TARGETED_DEVICE_FAMILY = "1,2";
			};
			name = Release;
		};
		3D592EAC240F29C500AAF8CD /* Debug */ = {
			isa = XCBuildConfiguration;
			buildSettings = {
				ALWAYS_EMBED_SWIFT_STANDARD_LIBRARIES = YES;
				BUNDLE_LOADER = "$(TEST_HOST)";
				CODE_SIGN_STYLE = Automatic;
				INFOPLIST_FILE = FavouriteThingsTests/Info.plist;
				IPHONEOS_DEPLOYMENT_TARGET = 13.2;
				LD_RUNPATH_SEARCH_PATHS = (
					"$(inherited)",
					"@executable_path/Frameworks",
					"@loader_path/Frameworks",
				);
				PRODUCT_BUNDLE_IDENTIFIER = au.edu.griffith.prog.ReferencerTests;
				PRODUCT_NAME = "$(TARGET_NAME)";
				SWIFT_VERSION = 5.0;
				TARGETED_DEVICE_FAMILY = "1,2";
				TEST_HOST = "$(BUILT_PRODUCTS_DIR)/FavouriteThings.app/FavouriteThings";
			};
			name = Debug;
		};
		3D592EAD240F29C500AAF8CD /* Release */ = {
			isa = XCBuildConfiguration;
			buildSettings = {
				ALWAYS_EMBED_SWIFT_STANDARD_LIBRARIES = YES;
				BUNDLE_LOADER = "$(TEST_HOST)";
				CODE_SIGN_STYLE = Automatic;
				INFOPLIST_FILE = FavouriteThingsTests/Info.plist;
				IPHONEOS_DEPLOYMENT_TARGET = 13.2;
				LD_RUNPATH_SEARCH_PATHS = (
					"$(inherited)",
					"@executable_path/Frameworks",
					"@loader_path/Frameworks",
				);
				PRODUCT_BUNDLE_IDENTIFIER = au.edu.griffith.prog.ReferencerTests;
				PRODUCT_NAME = "$(TARGET_NAME)";
				SWIFT_VERSION = 5.0;
				TARGETED_DEVICE_FAMILY = "1,2";
				TEST_HOST = "$(BUILT_PRODUCTS_DIR)/FavouriteThings.app/FavouriteThings";
			};
			name = Release;
		};
		3D592EAF240F29C500AAF8CD /* Debug */ = {
			isa = XCBuildConfiguration;
			buildSettings = {
				ALWAYS_EMBED_SWIFT_STANDARD_LIBRARIES = YES;
				CODE_SIGN_STYLE = Automatic;
				INFOPLIST_FILE = FavouriteThingsUITests/Info.plist;
				LD_RUNPATH_SEARCH_PATHS = (
					"$(inherited)",
					"@executable_path/Frameworks",
					"@loader_path/Frameworks",
				);
				PRODUCT_BUNDLE_IDENTIFIER = au.edu.griffith.prog.ReferencerUITests;
				PRODUCT_NAME = "$(TARGET_NAME)";
				SWIFT_VERSION = 5.0;
				TARGETED_DEVICE_FAMILY = "1,2";
				TEST_TARGET_NAME = Referencer;
			};
			name = Debug;
		};
		3D592EB0240F29C500AAF8CD /* Release */ = {
			isa = XCBuildConfiguration;
			buildSettings = {
				ALWAYS_EMBED_SWIFT_STANDARD_LIBRARIES = YES;
				CODE_SIGN_STYLE = Automatic;
				INFOPLIST_FILE = FavouriteThingsUITests/Info.plist;
				LD_RUNPATH_SEARCH_PATHS = (
					"$(inherited)",
					"@executable_path/Frameworks",
					"@loader_path/Frameworks",
				);
				PRODUCT_BUNDLE_IDENTIFIER = au.edu.griffith.prog.ReferencerUITests;
				PRODUCT_NAME = "$(TARGET_NAME)";
				SWIFT_VERSION = 5.0;
				TARGETED_DEVICE_FAMILY = "1,2";
				TEST_TARGET_NAME = Referencer;
			};
			name = Release;
		};
/* End XCBuildConfiguration section */

/* Begin XCConfigurationList section */
		3D592E79240F29C400AAF8CD /* Build configuration list for PBXProject "FavouriteThings" */ = {
			isa = XCConfigurationList;
			buildConfigurations = (
				3D592EA6240F29C500AAF8CD /* Debug */,
				3D592EA7240F29C500AAF8CD /* Release */,
			);
			defaultConfigurationIsVisible = 0;
			defaultConfigurationName = Release;
		};
		3D592EA8240F29C500AAF8CD /* Build configuration list for PBXNativeTarget "FavouriteThings" */ = {
			isa = XCConfigurationList;
			buildConfigurations = (
				3D592EA9240F29C500AAF8CD /* Debug */,
				3D592EAA240F29C500AAF8CD /* Release */,
			);
			defaultConfigurationIsVisible = 0;
			defaultConfigurationName = Release;
		};
		3D592EAB240F29C500AAF8CD /* Build configuration list for PBXNativeTarget "FavouriteThingsTests" */ = {
			isa = XCConfigurationList;
			buildConfigurations = (
				3D592EAC240F29C500AAF8CD /* Debug */,
				3D592EAD240F29C500AAF8CD /* Release */,
			);
			defaultConfigurationIsVisible = 0;
			defaultConfigurationName = Release;
		};
		3D592EAE240F29C500AAF8CD /* Build configuration list for PBXNativeTarget "FavouriteThingsUITests" */ = {
			isa = XCConfigurationList;
			buildConfigurations = (
				3D592EAF240F29C500AAF8CD /* Debug */,
				3D592EB0240F29C500AAF8CD /* Release */,
			);
			defaultConfigurationIsVisible = 0;
			defaultConfigurationName = Release;
		};
/* End XCConfigurationList section */

/* Begin XCVersionGroup section */
		3D1083432457FD6E00E16E60 /* DataModel.xcdatamodeld */ = {
			isa = XCVersionGroup;
			children = (
				3D1083442457FD6E00E16E60 /* DataModel.xcdatamodel */,
			);
			currentVersion = 3D1083442457FD6E00E16E60 /* DataModel.xcdatamodel */;
			path = DataModel.xcdatamodeld;
			sourceTree = "<group>";
			versionGroupType = wrapper.xcdatamodel;
		};
/* End XCVersionGroup section */
	};
	rootObject = 3D592E76240F29C400AAF8CD /* Project object */;
}
